
Microsoft Visual Studio Solution File, Format Version 11.00
# Visual Studio 2010
Project("{FAE04EC0-301F-11D3-BF4B-00C04F79EFBC}") = "Tests", "src\tests\Tests\Tests.csproj", "{11FE3040-90AF-43A7-9869-EC453351C6C6}"
EndProject
Project("{FAE04EC0-301F-11D3-BF4B-00C04F79EFBC}") = "Tests.Integration", "src\tests\Tests.Integration\Tests.Integration.csproj", "{D988AE32-FF3A-4536-872D-8A22B5548406}"
EndProject
Global
	GlobalSection(SolutionConfigurationPlatforms) = preSolution
		Debug|Any CPU = Debug|Any CPU
		Release|Any CPU = Release|Any CPU
	EndGlobalSection
	GlobalSection(ProjectConfigurationPlatforms) = postSolution
		{11FE3040-90AF-43A7-9869-EC453351C6C6}.Debug|Any CPU.ActiveCfg = Debug|Any CPU
		{11FE3040-90AF-43A7-9869-EC453351C6C6}.Debug|Any CPU.Build.0 = Debug|Any CPU
		{11FE3040-90AF-43A7-9869-EC453351C6C6}.Release|Any CPU.ActiveCfg = Release|Any CPU
		{11FE3040-90AF-43A7-9869-EC453351C6C6}.Release|Any CPU.Build.0 = Release|Any CPU
		{D988AE32-FF3A-4536-872D-8A22B5548406}.Debug|Any CPU.ActiveCfg = Debug|Any CPU
		{D988AE32-FF3A-4536-872D-8A22B5548406}.Debug|Any CPU.Build.0 = Debug|Any CPU
		{D988AE32-FF3A-4536-872D-8A22B5548406}.Release|Any CPU.ActiveCfg = Release|Any CPU
		{D988AE32-FF3A-4536-872D-8A22B5548406}.Release|Any CPU.Build.0 = Release|Any CPU
	EndGlobalSection
	GlobalSection(SolutionProperties) = preSolution
		HideSolutionNode = FALSE
	EndGlobalSection
EndGlobal
